{
  "requires": true,
  "lockfileVersion": 1,
  "dependencies": {
    "ag-grid": {
      "version": "17.1.1",
      "resolved": "https://registry.npmjs.org/ag-grid/-/ag-grid-17.1.1.tgz",
      "integrity": "sha1-bHAQpl1ui2Nz4v6XZDye7PVBcCY="
    },
    "ag-grid-enterprise": {
      "version": "17.1.1",
      "resolved": "https://registry.npmjs.org/ag-grid-enterprise/-/ag-grid-enterprise-17.1.1.tgz",
      "integrity": "sha1-7Ysvnmvvydc3Gmr0wil8AW30JqA="
    },
    "jquery": {
      "version": "3.3.1",
      "resolved": "https://registry.npmjs.org/jquery/-/jquery-3.3.1.tgz",
      "integrity": "sha512-Ubldcmxp5np52/ENotGxlLe6aGMvmF4R8S6tZjsP6Knsaxd/xp3Zrh50cG93lR6nPXyUFwzN3ZSOQI0wRJNdGg=="
    },
    "toastr": {
      "version": "2.1.4",
      "resolved": "https://registry.npmjs.org/toastr/-/toastr-2.1.4.tgz",
      "integrity": "sha1-i0O+ZPudDEFIcURvLbjoyk6V8YE=",
      "requires": {
        "jquery": "3.3.1"
      }
    }
  }
}
